{
  "version": 1,
  "dependencies": {
    "net10.0": {
      "2ndLAB.ANGLE.Static": {
        "type": "Direct",
        "requested": "[7151.0.0-10.0.26100.0-1.79e529b, )",
        "resolved": "7151.0.0-10.0.26100.0-1.79e529b",
        "contentHash": "cPdqpUTDLk6HugiXi8NHvtjkNqO5yOa530xcZMmVNnEHqLWnfxZvsGyD3Z0FQBqtl6lJ5tD6foLBpU2wIzwreg=="
      },
      "2ndLAB.SkiaSharp.Static": {
        "type": "Direct",
        "requested": "[3.119.0-10.0.26100.0-1.1c7d845, )",
        "resolved": "3.119.0-10.0.26100.0-1.1c7d845",
        "contentHash": "Pjl5X7qWQf3AHOCWVJkEzqd6T2yXYJF2f0rMOyPGhgiP+dWx3WNzQ/TCbUhbB+w+GidkvVZ6PUOMnlZYODp7lw=="
      },
      "Avalonia": {
        "type": "Direct",
        "requested": "[11.3.14, )",
        "resolved": "11.3.14",
        "contentHash": "RcGp0iXRBqMrDRXOTUOn9OaUTx8NlukTdhuBmY9w5JmVreDtZRRErKwwiHPw+YjkbTHvhfFFNsu3Hhd+oJGIZQ==",
        "dependencies": {
          "Avalonia.BuildServices": "11.3.2",
          "Avalonia.Remote.Protocol": "11.3.14",
          "MicroCom.Runtime": "0.11.0"
        }
      },
      "Avalonia.Desktop": {
        "type": "Direct",
        "requested": "[11.3.14, )",
        "resolved": "11.3.14",
        "contentHash": "7IiTMWsFib1foIEagcaTtsjWa6VA/iAbNjHpM4aSF8sfwPPj1HRj7qEySrINqlJDK2WYVM/IL5S8bHWs+KKX1Q==",
        "dependencies": {
          "Avalonia": "11.3.14",
          "Avalonia.Native": "11.3.14",
          "Avalonia.Skia": "11.3.14",
          "Avalonia.Win32": "11.3.14",
          "Avalonia.X11": "11.3.14"
        }
      },
      "Avalonia.Diagnostics": {
        "type": "Direct",
        "requested": "[11.3.14, )",
        "resolved": "11.3.14",
        "contentHash": "AGItOFZ5FU+nv30UjffC0/TQvuFqzvjOsgRVBD70pmcA14VV/lKo2mVDJNYupf4lJIPdopo1Vq7jaX+8z8UE2w==",
        "dependencies": {
          "Avalonia": "11.3.14",
          "Avalonia.Controls.ColorPicker": "11.3.14",
          "Avalonia.Themes.Simple": "11.3.14"
        }
      },
      "CommunityToolkit.Mvvm": {
        "type": "Direct",
        "requested": "[8.4.0, )",
        "resolved": "8.4.0",
        "contentHash": "tqVU8yc/ADO9oiTRyTnwhFN68hCwvkliMierptWOudIAvWY1mWCh5VFh+guwHJmpMwfg0J0rY+yyd5Oy7ty9Uw=="
      },
      "Downloader": {
        "type": "Direct",
        "requested": "[5.1.0, )",
        "resolved": "5.1.0",
        "contentHash": "lUsiygfKkPgLx4oFy/dWlKrWOjpg3A/VaiSAoX8f+WiwldoQGi+JBeOgc60ep6qWeSD5FYyrUl7CYvdR1vUt3w==",
        "dependencies": {
          "Microsoft.Extensions.Logging.Abstractions": "10.0.3"
        }
      },
      "HotAvalonia": {
        "type": "Direct",
        "requested": "[3.1.0, )",
        "resolved": "3.1.0",
        "contentHash": "31ppkXIyD+PppUyZ0oqUjaP3I6fJDkl2w95EHGN22xxh/P54hNpEiwDsAT1KPKtUMJoGtxRE5EZcc04kia42Eg==",
        "dependencies": {
          "Avalonia.Markup.Xaml.Loader": "11.0.0",
          "HotAvalonia.Core": "3.1.0",
          "HotAvalonia.Extensions": "3.1.0",
          "HotAvalonia.Fody": "3.1.0"
        }
      },
      "Microsoft.NET.ILLink.Tasks": {
        "type": "Direct",
        "requested": "[10.0.3, )",
        "resolved": "10.0.3",
        "contentHash": "0B6nZyCHWXnvmlB559oduOspVdNOnpNXPjhpWVMovLPAsDVG7A4jJR9rzECf67JUzxP8/ee/wA8clwIzJcWNFA=="
      },
      "PolySharp": {
        "type": "Direct",
        "requested": "[1.15.0, )",
        "resolved": "1.15.0",
        "contentHash": "FbU0El+EEjdpuIX4iDbeS7ki1uzpJPx8vbqOzEtqnl1GZeAGJfq+jCbxeJL2y0EPnUNk8dRnnqR2xnYXg9Tf+g=="
      },
      "SharpCompress": {
        "type": "Direct",
        "requested": "[0.48.0, )",
        "resolved": "0.48.0",
        "contentHash": "6k0Sa9gf85Sz9Npy7jnn5UPerejrAa3FxU9Gq5T6PwFWHUhUIdF903TjPiJtrYjXFJsXbnccaWSNMHzEg27DwQ=="
      },
      "SkiaSharp": {
        "type": "Direct",
        "requested": "[3.119.2, )",
        "resolved": "3.119.2",
        "contentHash": "nmy2dOFWPvQKMglfpjz8+/xQQcSrL9jzul3cUyzCJVSwrmSAw+6B1sEgU7jt6NZBptwGq2k/V0kjyu2GizMFtg==",
        "dependencies": {
          "SkiaSharp.NativeAssets.Win32": "3.119.2",
          "SkiaSharp.NativeAssets.macOS": "3.119.2"
        }
      },
      "SukiUI": {
        "type": "Direct",
        "requested": "[6.0.4-nightly20260328, )",
        "resolved": "6.0.4-nightly20260328",
        "contentHash": "aJsX/O2ZBOn9nWYQXfzmqkFaW0HkKY0IbQD4ys+ITDbvJH2xh7be2ZoXWP4VZR1C5iwh3du8/LVX0Y1GEwuaBQ==",
        "dependencies": {
          "Avalonia": "11.3.12",
          "Avalonia.Controls.ColorPicker": "11.3.12",
          "Avalonia.Controls.DataGrid": "11.3.12",
          "Avalonia.Skia": "11.3.12",
          "Avalonia.Themes.Simple": "11.3.12",
          "SkiaSharp": "3.119.2",
          "SkiaSharp.NativeAssets.Linux": "3.119.2",
          "SkiaSharp.NativeAssets.WebAssembly": "3.119.2",
          "SkiaSharp.NativeAssets.macOS": "3.119.2",
          "System.Linq.Dynamic.Core": "1.7.1"
        }
      },
      "VC-LTL": {
        "type": "Direct",
        "requested": "[5.2.2, )",
        "resolved": "5.2.2",
        "contentHash": "cG9zbKir5zYsO+1Yyn65MAD5vDNXYuaUl9zPCL4uA2Bdrm7A0S4K00GKr5mibaYbRwxJ8mKP7H2V/0URP6ymnw=="
      },
      "Avalonia.Angle.Windows.Natives": {
        "type": "Transitive",
        "resolved": "2.1.25547.20250602",
        "contentHash": "ZL0VLc4s9rvNNFt19Pxm5UNAkmKNylugAwJPX9ulXZ6JWs/l6XZihPWWTyezaoNOVyEPU8YbURtW7XMAtqXH5A=="
      },
      "Avalonia.BuildServices": {
        "type": "Transitive",
        "resolved": "11.3.2",
        "contentHash": "qHDToxto1e3hci5YqbG9n0Ty8mlp3zBUN5wT66wKqaDVzXyQ0do3EnRILd4Ke9jpvsktaPpgE0YjEk7hornryQ=="
      },
      "Avalonia.Controls.ColorPicker": {
        "type": "Transitive",
        "resolved": "11.3.14",
        "contentHash": "weDk+0kMo5kOcukRH/eIiHvkeG+/LrfHwSl2XvGjSN6S610Syg3o8SF3gjAWHV0OpeD1BdlnrCX6idU6qigm5g==",
        "dependencies": {
          "Avalonia": "11.3.14",
          "Avalonia.Remote.Protocol": "11.3.14"
        }
      },
      "Avalonia.Controls.DataGrid": {
        "type": "Transitive",
        "resolved": "11.3.12",
        "contentHash": "9zlVkd23gaFtJwi4n7JaKnGdCSkD1fuiRdflzfkLoVXxHKQ2pTOcsUB26rAs7uMTCRvvte8OPwbsK8otA1wNPg==",
        "dependencies": {
          "Avalonia": "11.3.12"
        }
      },
      "Avalonia.FreeDesktop": {
        "type": "Transitive",
        "resolved": "11.3.14",
        "contentHash": "qp1UH0A8/C0Dwka6575PkTuJro9BtjEmgvfr70UEkv3e6S0FYotz4BPPgWLeM/svltrEdft2VO1FjSA4q3nFPA==",
        "dependencies": {
          "Avalonia": "11.3.14",
          "Tmds.DBus.Protocol": "0.21.3"
        }
      },
      "Avalonia.Markup.Xaml.Loader": {
        "type": "Transitive",
        "resolved": "11.0.0",
        "contentHash": "SDcf5qvleyTb0R24vzZBhFJV9ONlGz0ftOBRxXiSy7R6c513Rjnae0IImuUXSIj+Bmn8AjU6x9eDFRJO78pYVA==",
        "dependencies": {
          "Avalonia": "11.0.0"
        }
      },
      "Avalonia.Native": {
        "type": "Transitive",
        "resolved": "11.3.14",
        "contentHash": "9ocWL83dAtB8W5dWXl6PIpf303Ri1o1JIDRo5Q9ZewIS/caKL2cgElrTSArc+4UrElCMluGbKHQC5P+YlF2fnQ==",
        "dependencies": {
          "Avalonia": "11.3.14"
        }
      },
      "Avalonia.Remote.Protocol": {
        "type": "Transitive",
        "resolved": "11.3.14",
        "contentHash": "P4QPwf9VQt4CjntmfGo8uL+S1RaVbTlcFgECSFIWN3AWc/IbKs76tbZ6ibpdFg1C+IKubBPQ+hUeUq7MrBIWDA=="
      },
      "Avalonia.Skia": {
        "type": "Transitive",
        "resolved": "11.3.14",
        "contentHash": "ksUk0PRTSjzYajk3aFpGvg+LotLe/pZj1K7B0b8As2ssDxFXFDPUnRvRZmw7f6jBBcfsYI6/LlFJZ93T8YAI2w==",
        "dependencies": {
          "Avalonia": "11.3.14",
          "HarfBuzzSharp": "8.3.1.1",
          "HarfBuzzSharp.NativeAssets.Linux": "8.3.1.1",
          "HarfBuzzSharp.NativeAssets.WebAssembly": "8.3.1.1",
          "SkiaSharp": "2.88.9",
          "SkiaSharp.NativeAssets.Linux": "2.88.9",
          "SkiaSharp.NativeAssets.WebAssembly": "2.88.9"
        }
      },
      "Avalonia.Themes.Simple": {
        "type": "Transitive",
        "resolved": "11.3.14",
        "contentHash": "Mqs6SmyXBJOrIj+Hf4YnhqsqEGPdvS0XZ+SNNwaYD+17P9UY/JVxztG49UJQnBT58cWovuy9omL0CVCQKhQuTw==",
        "dependencies": {
          "Avalonia": "11.3.14"
        }
      },
      "Avalonia.Win32": {
        "type": "Transitive",
        "resolved": "11.3.14",
        "contentHash": "jmJkqMfPKSvftkvc0m1YvbbBG42aKq4gPYpHZvpfVHrQ4m/Ln5sF67hUzhbK6qJ2E9Yr2ZJtuvCaTH/EHRW36g==",
        "dependencies": {
          "Avalonia": "11.3.14",
          "Avalonia.Angle.Windows.Natives": "2.1.25547.20250602"
        }
      },
      "Avalonia.X11": {
        "type": "Transitive",
        "resolved": "11.3.14",
        "contentHash": "QFyiQof5vCHo+KY3y+NsmUhM/dsvUVaipDW3zwF6sK7zpdefy/OZQxtuEVjjWyyVuEmua0gyXEaVWbOUu0AgsA==",
        "dependencies": {
          "Avalonia": "11.3.14",
          "Avalonia.FreeDesktop": "11.3.14",
          "Avalonia.Skia": "11.3.14"
        }
      },
      "Fody": {
        "type": "Transitive",
        "resolved": "6.9.2",
        "contentHash": "YBHobPGogb0vYhGYIxn/ndWqTjNWZveDi5jdjrcshL2vjwU3gQGyDeI7vGgye+2rAM5fGRvlLgNWLW3DpviS/w=="
      },
      "HarfBuzzSharp": {
        "type": "Transitive",
        "resolved": "8.3.1.1",
        "contentHash": "tLZN66oe/uiRPTZfrCU4i8ScVGwqHNh5MHrXj0yVf4l7Mz0FhTGnQ71RGySROTmdognAs0JtluHkL41pIabWuQ==",
        "dependencies": {
          "HarfBuzzSharp.NativeAssets.Win32": "8.3.1.1",
          "HarfBuzzSharp.NativeAssets.macOS": "8.3.1.1"
        }
      },
      "HarfBuzzSharp.NativeAssets.Linux": {
        "type": "Transitive",
        "resolved": "8.3.1.1",
        "contentHash": "3EZ1mpIiKWRLL5hUYA82ZHteeDIVaEA/Z0rA/wU6tjx6crcAkJnBPwDXZugBSfo8+J3EznvRJf49uMsqYfKrHg=="
      },
      "HarfBuzzSharp.NativeAssets.macOS": {
        "type": "Transitive",
        "resolved": "8.3.1.1",
        "contentHash": "jbtCsgftcaFLCA13tVKo5iWdElJScrulLTKJre36O4YQTIlwDtPPqhRZNk+Y0vv4D1gxbscasGRucUDfS44ofQ=="
      },
      "HarfBuzzSharp.NativeAssets.WebAssembly": {
        "type": "Transitive",
        "resolved": "8.3.1.1",
        "contentHash": "loJweK2u/mH/3C2zBa0ggJlITIszOkK64HLAZB7FUT670dTg965whLFYHDQo69NmC4+d9UN0icLC9VHidXaVCA=="
      },
      "HarfBuzzSharp.NativeAssets.Win32": {
        "type": "Transitive",
        "resolved": "8.3.1.1",
        "contentHash": "UsJtQsfAJoFDZrXc4hCUfRPMqccfKZ0iumJ/upcUjz/cmsTgVFGNEL5yaJWmkqsuFYdMWbj/En5/kS4PFl9hBA=="
      },
      "HotAvalonia.Core": {
        "type": "Transitive",
        "resolved": "3.1.0",
        "contentHash": "E4Q+Wm7kp5XyEWRLshRcoxgHShyMO3J8QcdoyDZfXMukuR+9FqXnEFrcStn2igDo/TIo/6wVOMNbv8Cu4FI5hg=="
      },
      "HotAvalonia.Extensions": {
        "type": "Transitive",
        "resolved": "3.1.0",
        "contentHash": "RhDF4CFDHZi5GKBFJLw2mLwh0TieKO/JlJa8yohnK0dhh5B8gEr3b512zlDUXpQKZIVvTPRwNm4CwgczlxH37A=="
      },
      "HotAvalonia.Fody": {
        "type": "Transitive",
        "resolved": "3.1.0",
        "contentHash": "xmbLwsK+SQOZcFFGeXcjkWBddVZ1Cql4oOJkO7/mcDiCO/kjY7UeP0+hsnXICfiBfiFGNh1XYiwbAZiONWL5kw==",
        "dependencies": {
          "Fody": "6.9.2"
        }
      },
      "MicroCom.Runtime": {
        "type": "Transitive",
        "resolved": "0.11.0",
        "contentHash": "MEnrZ3UIiH40hjzMDsxrTyi8dtqB5ziv3iBeeU4bXsL/7NLSal9F1lZKpK+tfBRnUoDSdtcW3KufE4yhATOMCA=="
      },
      "Microsoft.Extensions.DependencyInjection.Abstractions": {
        "type": "Transitive",
        "resolved": "10.0.3",
        "contentHash": "bwGMrRcAMWx2s/RDgja97p27rxSz2pEQW0+rX5cWAUWVETVJ/eyxGfjAl8vuG5a+lckWmPIE+vcuaZNVB5YDdw=="
      },
      "Microsoft.Extensions.Logging.Abstractions": {
        "type": "Transitive",
        "resolved": "10.0.3",
        "contentHash": "lxl0WLk7ROgBFAsjcOYjQ8/DVK+VMszxGBzUhgtQmAsTNldLL5pk9NG/cWTsXHq0lUhUEAtZkEE7jOGOA8bGKQ==",
        "dependencies": {
          "Microsoft.Extensions.DependencyInjection.Abstractions": "10.0.3"
        }
      },
      "SkiaSharp.NativeAssets.Linux": {
        "type": "Transitive",
        "resolved": "3.119.2",
        "contentHash": "9WzxSyG/s9Id506j0Ht+Bi5ucOpWKPzd1XXr9TD4fuCafHHy2swRSlbZtC3IDQAsvCH63OerkDJajj43uSv5og=="
      },
      "SkiaSharp.NativeAssets.macOS": {
        "type": "Transitive",
        "resolved": "3.119.2",
        "contentHash": "I2jMGQ/26KOnc6iAoR+Mxh9vSJJ2vioJyj9aJ9OL5yEZyXothXJxf4vBMqnSaiXMqiiU1scG7KqtT0CLkmMmWA=="
      },
      "SkiaSharp.NativeAssets.WebAssembly": {
        "type": "Transitive",
        "resolved": "3.119.2",
        "contentHash": "MfhqWzQxd/VdPRTjDcPYnTImDauGq2ZO7yRxMWI7MClrkMs0bI5+EGLRH3kjFIMsH79AGVCa7HPdzfXfogfaKQ=="
      },
      "SkiaSharp.NativeAssets.Win32": {
        "type": "Transitive",
        "resolved": "3.119.2",
        "contentHash": "uYe+da6+GXVgPKkCopzvIZ83DmC8SXXKeUAPrNcztJNsg0SjPQAxfKMOPZqmVjbzznrq/QUIjLUlJSZV/e0IPA=="
      },
      "System.Linq.Dynamic.Core": {
        "type": "Transitive",
        "resolved": "1.7.1",
        "contentHash": "qlgku/j9r0fei52yxR5ho9nC/fWGZuaELqPkZmJm24QZbBW4cL3sVWri1dZ0cKgARD7cgFKBdRqzxYoIG5Q0Cg=="
      },
      "Tmds.DBus.Protocol": {
        "type": "Transitive",
        "resolved": "0.21.3",
        "contentHash": "hDwB8WsQoyALQKqIbwzS68UKdlnafDm4T/DkO/JrA/YIneP/rKv96SxYPVXeh3FP4i/SXfShrYftKLtciJAIlw=="
      }
    },
    "net10.0/linux-x64": {
      "2ndLAB.ANGLE.Static": {
        "type": "Direct",
        "requested": "[7151.0.0-10.0.26100.0-1.79e529b, )",
        "resolved": "7151.0.0-10.0.26100.0-1.79e529b",
        "contentHash": "cPdqpUTDLk6HugiXi8NHvtjkNqO5yOa530xcZMmVNnEHqLWnfxZvsGyD3Z0FQBqtl6lJ5tD6foLBpU2wIzwreg=="
      },
      "2ndLAB.SkiaSharp.Static": {
        "type": "Direct",
        "requested": "[3.119.0-10.0.26100.0-1.1c7d845, )",
        "resolved": "3.119.0-10.0.26100.0-1.1c7d845",
        "contentHash": "Pjl5X7qWQf3AHOCWVJkEzqd6T2yXYJF2f0rMOyPGhgiP+dWx3WNzQ/TCbUhbB+w+GidkvVZ6PUOMnlZYODp7lw=="
      },
      "Avalonia.Angle.Windows.Natives": {
        "type": "Transitive",
        "resolved": "2.1.25547.20250602",
        "contentHash": "ZL0VLc4s9rvNNFt19Pxm5UNAkmKNylugAwJPX9ulXZ6JWs/l6XZihPWWTyezaoNOVyEPU8YbURtW7XMAtqXH5A=="
      },
      "Avalonia.Native": {
        "type": "Transitive",
        "resolved": "11.3.14",
        "contentHash": "9ocWL83dAtB8W5dWXl6PIpf303Ri1o1JIDRo5Q9ZewIS/caKL2cgElrTSArc+4UrElCMluGbKHQC5P+YlF2fnQ==",
        "dependencies": {
          "Avalonia": "11.3.14"
        }
      },
      "HarfBuzzSharp.NativeAssets.Linux": {
        "type": "Transitive",
        "resolved": "8.3.1.1",
        "contentHash": "3EZ1mpIiKWRLL5hUYA82ZHteeDIVaEA/Z0rA/wU6tjx6crcAkJnBPwDXZugBSfo8+J3EznvRJf49uMsqYfKrHg=="
      },
      "HarfBuzzSharp.NativeAssets.macOS": {
        "type": "Transitive",
        "resolved": "8.3.1.1",
        "contentHash": "jbtCsgftcaFLCA13tVKo5iWdElJScrulLTKJre36O4YQTIlwDtPPqhRZNk+Y0vv4D1gxbscasGRucUDfS44ofQ=="
      },
      "HarfBuzzSharp.NativeAssets.Win32": {
        "type": "Transitive",
        "resolved": "8.3.1.1",
        "contentHash": "UsJtQsfAJoFDZrXc4hCUfRPMqccfKZ0iumJ/upcUjz/cmsTgVFGNEL5yaJWmkqsuFYdMWbj/En5/kS4PFl9hBA=="
      },
      "SkiaSharp.NativeAssets.Linux": {
        "type": "Transitive",
        "resolved": "3.119.2",
        "contentHash": "9WzxSyG/s9Id506j0Ht+Bi5ucOpWKPzd1XXr9TD4fuCafHHy2swRSlbZtC3IDQAsvCH63OerkDJajj43uSv5og=="
      },
      "SkiaSharp.NativeAssets.macOS": {
        "type": "Transitive",
        "resolved": "3.119.2",
        "contentHash": "I2jMGQ/26KOnc6iAoR+Mxh9vSJJ2vioJyj9aJ9OL5yEZyXothXJxf4vBMqnSaiXMqiiU1scG7KqtT0CLkmMmWA=="
      },
      "SkiaSharp.NativeAssets.Win32": {
        "type": "Transitive",
        "resolved": "3.119.2",
        "contentHash": "uYe+da6+GXVgPKkCopzvIZ83DmC8SXXKeUAPrNcztJNsg0SjPQAxfKMOPZqmVjbzznrq/QUIjLUlJSZV/e0IPA=="
      }
    }
  }
}